
Microsoft Visual Studio Solution File, Format Version 12.00
# Visual Studio Version 16
VisualStudioVersion = 16.0.31129.286
MinimumVisualStudioVersion = 10.0.40219.1
Project("{9A19103F-16F7-4668-BE54-9A1E7A4F7556}") = "ExcelExport", "ExcelExport\ExcelExport.csproj", "{7FE7E61F-5957-47E3-AF5F-BAC26FBF7E6C}"
EndProject
Project("{9A19103F-16F7-4668-BE54-9A1E7A4F7556}") = "Client", "Client\Client.csproj", "{9413888C-A451-4539-A62F-CEC9D395E6B3}"
EndProject
Project("{9A19103F-16F7-4668-BE54-9A1E7A4F7556}") = "Domain", "Domain\Domain.csproj", "{056DE0AE-B4AD-432A-8756-4E4037656290}"
EndProject
Project("{FAE04EC0-301F-11D3-BF4B-00C04F79EFBC}") = "Lib", "Lib\Lib.csproj", "{E31273D6-E81F-43BE-A1E6-DD87C69A4CEE}"
EndProject
Global
	GlobalSection(SolutionConfigurationPlatforms) = preSolution
		Debug|Any CPU = Debug|Any CPU
		Release|Any CPU = Release|Any CPU
	EndGlobalSection
	GlobalSection(ProjectConfigurationPlatforms) = postSolution
		{7FE7E61F-5957-47E3-AF5F-BAC26FBF7E6C}.Debug|Any CPU.ActiveCfg = Debug|Any CPU
		{7FE7E61F-5957-47E3-AF5F-BAC26FBF7E6C}.Debug|Any CPU.Build.0 = Debug|Any CPU
		{7FE7E61F-5957-47E3-AF5F-BAC26FBF7E6C}.Release|Any CPU.ActiveCfg = Release|Any CPU
		{7FE7E61F-5957-47E3-AF5F-BAC26FBF7E6C}.Release|Any CPU.Build.0 = Release|Any CPU
		{9413888C-A451-4539-A62F-CEC9D395E6B3}.Debug|Any CPU.ActiveCfg = Debug|Any CPU
		{9413888C-A451-4539-A62F-CEC9D395E6B3}.Debug|Any CPU.Build.0 = Debug|Any CPU
		{9413888C-A451-4539-A62F-CEC9D395E6B3}.Release|Any CPU.ActiveCfg = Release|Any CPU
		{9413888C-A451-4539-A62F-CEC9D395E6B3}.Release|Any CPU.Build.0 = Release|Any CPU
		{056DE0AE-B4AD-432A-8756-4E4037656290}.Debug|Any CPU.ActiveCfg = Debug|Any CPU
		{056DE0AE-B4AD-432A-8756-4E4037656290}.Debug|Any CPU.Build.0 = Debug|Any CPU
		{056DE0AE-B4AD-432A-8756-4E4037656290}.Release|Any CPU.ActiveCfg = Release|Any CPU
		{056DE0AE-B4AD-432A-8756-4E4037656290}.Release|Any CPU.Build.0 = Release|Any CPU
		{E31273D6-E81F-43BE-A1E6-DD87C69A4CEE}.Debug|Any CPU.ActiveCfg = Debug|Any CPU
		{E31273D6-E81F-43BE-A1E6-DD87C69A4CEE}.Debug|Any CPU.Build.0 = Debug|Any CPU
		{E31273D6-E81F-43BE-A1E6-DD87C69A4CEE}.Release|Any CPU.ActiveCfg = Release|Any CPU
		{E31273D6-E81F-43BE-A1E6-DD87C69A4CEE}.Release|Any CPU.Build.0 = Release|Any CPU
	EndGlobalSection
	GlobalSection(SolutionProperties) = preSolution
		HideSolutionNode = FALSE
	EndGlobalSection
	GlobalSection(ExtensibilityGlobals) = postSolution
		SolutionGuid = {DE7EF6A8-206A-46BB-BF66-16FA5A6E22B6}
	EndGlobalSection
EndGlobal
